
Microsoft Visual Studio Solution File, Format Version 12.00
# Visual Studio 15
Project("{FAE04EC0-301F-11D3-BF4B-00C04F79EFBC}") = "Minefield", "MInefield\MInefield.csproj", "{0AA6BE07-E8EB-445C-820A-A8EFE669B432}"
EndProject
Global
	GlobalSection(SolutionConfigurationPlatforms) = preSolution
		Debug|anycpu = Debug|anycpu
		Release|anycpu = Release|anycpu
	EndGlobalSection
	GlobalSection(ProjectConfigurationPlatforms) = postSolution
		{0AA6BE07-E8EB-445C-820A-A8EFE669B432}.Debug|anycpu.ActiveCfg = Debug|anycpu
		{0AA6BE07-E8EB-445C-820A-A8EFE669B432}.Debug|anycpu.Build.0 = Debug|anycpu
		{0AA6BE07-E8EB-445C-820A-A8EFE669B432}.Release|anycpu.ActiveCfg = Release|anycpu
		{0AA6BE07-E8EB-445C-820A-A8EFE669B432}.Release|anycpu.Build.0 = Release|anycpu
	EndGlobalSection
EndGlobal
